
Microsoft Visual Studio Solution File, Format Version 12.00
# Visual Studio Version 16
VisualStudioVersion = 16.0.30523.141
MinimumVisualStudioVersion = 10.0.40219.1
Project("{9A19103F-16F7-4668-BE54-9A1E7A4F7556}") = "Exercise01", "Exercise01\Exercise01.csproj", "{56D844A9-B91B-4330-ADB8-FB393A6D01C6}"
EndProject
Project("{9A19103F-16F7-4668-BE54-9A1E7A4F7556}") = "Exercise02", "Exercise02\Exercise02.csproj", "{60D108B0-1A21-4AF6-AE74-DAA95C58D46F}"
EndProject
Project("{FAE04EC0-301F-11D3-BF4B-00C04F79EFBC}") = "Exercise03", "Exercise03\Exercise03.csproj", "{8FD597EA-4119-4BEB-9C5F-45D2EF6E819D}"
EndProject
Global
	GlobalSection(SolutionConfigurationPlatforms) = preSolution
		Debug|Any CPU = Debug|Any CPU
		Release|Any CPU = Release|Any CPU
	EndGlobalSection
	GlobalSection(ProjectConfigurationPlatforms) = postSolution
		{56D844A9-B91B-4330-ADB8-FB393A6D01C6}.Debug|Any CPU.ActiveCfg = Debug|Any CPU
		{56D844A9-B91B-4330-ADB8-FB393A6D01C6}.Debug|Any CPU.Build.0 = Debug|Any CPU
		{56D844A9-B91B-4330-ADB8-FB393A6D01C6}.Release|Any CPU.ActiveCfg = Release|Any CPU
		{56D844A9-B91B-4330-ADB8-FB393A6D01C6}.Release|Any CPU.Build.0 = Release|Any CPU
		{60D108B0-1A21-4AF6-AE74-DAA95C58D46F}.Debug|Any CPU.ActiveCfg = Debug|Any CPU
		{60D108B0-1A21-4AF6-AE74-DAA95C58D46F}.Debug|Any CPU.Build.0 = Debug|Any CPU
		{60D108B0-1A21-4AF6-AE74-DAA95C58D46F}.Release|Any CPU.ActiveCfg = Release|Any CPU
		{60D108B0-1A21-4AF6-AE74-DAA95C58D46F}.Release|Any CPU.Build.0 = Release|Any CPU
		{8FD597EA-4119-4BEB-9C5F-45D2EF6E819D}.Debug|Any CPU.ActiveCfg = Debug|Any CPU
		{8FD597EA-4119-4BEB-9C5F-45D2EF6E819D}.Debug|Any CPU.Build.0 = Debug|Any CPU
		{8FD597EA-4119-4BEB-9C5F-45D2EF6E819D}.Release|Any CPU.ActiveCfg = Release|Any CPU
		{8FD597EA-4119-4BEB-9C5F-45D2EF6E819D}.Release|Any CPU.Build.0 = Release|Any CPU
	EndGlobalSection
	GlobalSection(SolutionProperties) = preSolution
		HideSolutionNode = FALSE
	EndGlobalSection
	GlobalSection(ExtensibilityGlobals) = postSolution
		SolutionGuid = {3D93C487-8255-41CE-9A57-AAD3421583D4}
	EndGlobalSection
EndGlobal
