
Microsoft Visual Studio Solution File, Format Version 12.00
# Visual Studio Version 16
VisualStudioVersion = 16.0.30523.141
MinimumVisualStudioVersion = 10.0.40219.1
Project("{9A19103F-16F7-4668-BE54-9A1E7A4F7556}") = "Exercise01", "Exercise01\Exercise01.csproj", "{56D844A9-B91B-4330-ADB8-FB393A6D01C6}"
EndProject
Project("{9A19103F-16F7-4668-BE54-9A1E7A4F7556}") = "Exercise02", "Exercise02\Exercise02.csproj", "{60D108B0-1A21-4AF6-AE74-DAA95C58D46F}"
EndProject
Project("{9A19103F-16F7-4668-BE54-9A1E7A4F7556}") = "Exercise03", "Exercise03\Exercise03.csproj", "{8FD597EA-4119-4BEB-9C5F-45D2EF6E819D}"
EndProject
Project("{9A19103F-16F7-4668-BE54-9A1E7A4F7556}") = "Exercise04", "Exercise04\Exercise04.csproj", "{804EF0CF-1282-4BF2-841B-6B01DBA6158C}"
EndProject
Project("{9A19103F-16F7-4668-BE54-9A1E7A4F7556}") = "Exercise05", "Exercise05\Exercise05.csproj", "{EEB7064C-ACB3-4561-84A9-FC884C9DE83E}"
EndProject
Project("{9A19103F-16F7-4668-BE54-9A1E7A4F7556}") = "Exercise06", "Exercise06\Exercise06.csproj", "{76B86BFF-17A6-476B-B191-173B29B8D180}"
EndProject
Project("{9A19103F-16F7-4668-BE54-9A1E7A4F7556}") = "Exercise07", "Exercise07\Exercise07.csproj", "{E98AA003-C9C6-43D7-BB41-C9A323F89853}"
EndProject
Project("{9A19103F-16F7-4668-BE54-9A1E7A4F7556}") = "Exercise08", "Exercise08\Exercise08.csproj", "{5969DFCE-F044-4D9F-BC9B-933E5480BA01}"
EndProject
Project("{9A19103F-16F7-4668-BE54-9A1E7A4F7556}") = "Exercise09", "Exercise09\Exercise09.csproj", "{12BD8214-D799-4015-8FAF-C828C3585FFD}"
EndProject
Project("{9A19103F-16F7-4668-BE54-9A1E7A4F7556}") = "Exercise10", "Exercise10\Exercise10.csproj", "{DD6BA398-898B-4D1C-8F2F-A2A286DD62C0}"
EndProject
Project("{9A19103F-16F7-4668-BE54-9A1E7A4F7556}") = "Exercise11", "Exercise11\Exercise11.csproj", "{935989BB-13DD-4C94-BCA2-50737C95D211}"
EndProject
Project("{FAE04EC0-301F-11D3-BF4B-00C04F79EFBC}") = "Exercise12", "Exercise12\Exercise12.csproj", "{9A12C13D-ED10-4E7F-9CAE-862C8F4E0477}"
EndProject
Global
	GlobalSection(SolutionConfigurationPlatforms) = preSolution
		Debug|Any CPU = Debug|Any CPU
		Release|Any CPU = Release|Any CPU
	EndGlobalSection
	GlobalSection(ProjectConfigurationPlatforms) = postSolution
		{56D844A9-B91B-4330-ADB8-FB393A6D01C6}.Debug|Any CPU.ActiveCfg = Debug|Any CPU
		{56D844A9-B91B-4330-ADB8-FB393A6D01C6}.Debug|Any CPU.Build.0 = Debug|Any CPU
		{56D844A9-B91B-4330-ADB8-FB393A6D01C6}.Release|Any CPU.ActiveCfg = Release|Any CPU
		{56D844A9-B91B-4330-ADB8-FB393A6D01C6}.Release|Any CPU.Build.0 = Release|Any CPU
		{60D108B0-1A21-4AF6-AE74-DAA95C58D46F}.Debug|Any CPU.ActiveCfg = Debug|Any CPU
		{60D108B0-1A21-4AF6-AE74-DAA95C58D46F}.Debug|Any CPU.Build.0 = Debug|Any CPU
		{60D108B0-1A21-4AF6-AE74-DAA95C58D46F}.Release|Any CPU.ActiveCfg = Release|Any CPU
		{60D108B0-1A21-4AF6-AE74-DAA95C58D46F}.Release|Any CPU.Build.0 = Release|Any CPU
		{8FD597EA-4119-4BEB-9C5F-45D2EF6E819D}.Debug|Any CPU.ActiveCfg = Debug|Any CPU
		{8FD597EA-4119-4BEB-9C5F-45D2EF6E819D}.Debug|Any CPU.Build.0 = Debug|Any CPU
		{8FD597EA-4119-4BEB-9C5F-45D2EF6E819D}.Release|Any CPU.ActiveCfg = Release|Any CPU
		{8FD597EA-4119-4BEB-9C5F-45D2EF6E819D}.Release|Any CPU.Build.0 = Release|Any CPU
		{804EF0CF-1282-4BF2-841B-6B01DBA6158C}.Debug|Any CPU.ActiveCfg = Debug|Any CPU
		{804EF0CF-1282-4BF2-841B-6B01DBA6158C}.Debug|Any CPU.Build.0 = Debug|Any CPU
		{804EF0CF-1282-4BF2-841B-6B01DBA6158C}.Release|Any CPU.ActiveCfg = Release|Any CPU
		{804EF0CF-1282-4BF2-841B-6B01DBA6158C}.Release|Any CPU.Build.0 = Release|Any CPU
		{EEB7064C-ACB3-4561-84A9-FC884C9DE83E}.Debug|Any CPU.ActiveCfg = Debug|Any CPU
		{EEB7064C-ACB3-4561-84A9-FC884C9DE83E}.Debug|Any CPU.Build.0 = Debug|Any CPU
		{EEB7064C-ACB3-4561-84A9-FC884C9DE83E}.Release|Any CPU.ActiveCfg = Release|Any CPU
		{EEB7064C-ACB3-4561-84A9-FC884C9DE83E}.Release|Any CPU.Build.0 = Release|Any CPU
		{76B86BFF-17A6-476B-B191-173B29B8D180}.Debug|Any CPU.ActiveCfg = Debug|Any CPU
		{76B86BFF-17A6-476B-B191-173B29B8D180}.Debug|Any CPU.Build.0 = Debug|Any CPU
		{76B86BFF-17A6-476B-B191-173B29B8D180}.Release|Any CPU.ActiveCfg = Release|Any CPU
		{76B86BFF-17A6-476B-B191-173B29B8D180}.Release|Any CPU.Build.0 = Release|Any CPU
		{E98AA003-C9C6-43D7-BB41-C9A323F89853}.Debug|Any CPU.ActiveCfg = Debug|Any CPU
		{E98AA003-C9C6-43D7-BB41-C9A323F89853}.Debug|Any CPU.Build.0 = Debug|Any CPU
		{E98AA003-C9C6-43D7-BB41-C9A323F89853}.Release|Any CPU.ActiveCfg = Release|Any CPU
		{E98AA003-C9C6-43D7-BB41-C9A323F89853}.Release|Any CPU.Build.0 = Release|Any CPU
		{5969DFCE-F044-4D9F-BC9B-933E5480BA01}.Debug|Any CPU.ActiveCfg = Debug|Any CPU
		{5969DFCE-F044-4D9F-BC9B-933E5480BA01}.Debug|Any CPU.Build.0 = Debug|Any CPU
		{5969DFCE-F044-4D9F-BC9B-933E5480BA01}.Release|Any CPU.ActiveCfg = Release|Any CPU
		{5969DFCE-F044-4D9F-BC9B-933E5480BA01}.Release|Any CPU.Build.0 = Release|Any CPU
		{12BD8214-D799-4015-8FAF-C828C3585FFD}.Debug|Any CPU.ActiveCfg = Debug|Any CPU
		{12BD8214-D799-4015-8FAF-C828C3585FFD}.Debug|Any CPU.Build.0 = Debug|Any CPU
		{12BD8214-D799-4015-8FAF-C828C3585FFD}.Release|Any CPU.ActiveCfg = Release|Any CPU
		{12BD8214-D799-4015-8FAF-C828C3585FFD}.Release|Any CPU.Build.0 = Release|Any CPU
		{DD6BA398-898B-4D1C-8F2F-A2A286DD62C0}.Debug|Any CPU.ActiveCfg = Debug|Any CPU
		{DD6BA398-898B-4D1C-8F2F-A2A286DD62C0}.Debug|Any CPU.Build.0 = Debug|Any CPU
		{DD6BA398-898B-4D1C-8F2F-A2A286DD62C0}.Release|Any CPU.ActiveCfg = Release|Any CPU
		{DD6BA398-898B-4D1C-8F2F-A2A286DD62C0}.Release|Any CPU.Build.0 = Release|Any CPU
		{935989BB-13DD-4C94-BCA2-50737C95D211}.Debug|Any CPU.ActiveCfg = Debug|Any CPU
		{935989BB-13DD-4C94-BCA2-50737C95D211}.Debug|Any CPU.Build.0 = Debug|Any CPU
		{935989BB-13DD-4C94-BCA2-50737C95D211}.Release|Any CPU.ActiveCfg = Release|Any CPU
		{935989BB-13DD-4C94-BCA2-50737C95D211}.Release|Any CPU.Build.0 = Release|Any CPU
		{9A12C13D-ED10-4E7F-9CAE-862C8F4E0477}.Debug|Any CPU.ActiveCfg = Debug|Any CPU
		{9A12C13D-ED10-4E7F-9CAE-862C8F4E0477}.Debug|Any CPU.Build.0 = Debug|Any CPU
		{9A12C13D-ED10-4E7F-9CAE-862C8F4E0477}.Release|Any CPU.ActiveCfg = Release|Any CPU
		{9A12C13D-ED10-4E7F-9CAE-862C8F4E0477}.Release|Any CPU.Build.0 = Release|Any CPU
	EndGlobalSection
	GlobalSection(SolutionProperties) = preSolution
		HideSolutionNode = FALSE
	EndGlobalSection
	GlobalSection(ExtensibilityGlobals) = postSolution
		SolutionGuid = {3D93C487-8255-41CE-9A57-AAD3421583D4}
	EndGlobalSection
EndGlobal
